{
  "version": 4,
  "terraform_version": "1.2.2",
  "serial": 14,
  "lineage": "10b111e7-ae42-d759-7aa4-f2b4e64aced3",
  "outputs": {},
  "resources": [
    {
      "mode": "managed",
      "type": "google_container_cluster",
      "name": "primary",
      "provider": "provider[\"registry.terraform.io/hashicorp/google\"]",
      "instances": [
        {
          "schema_version": 1,
          "attributes": {
            "addons_config": [
              {
                "cloudrun_config": [],
                "dns_cache_config": [],
                "gce_persistent_disk_csi_driver_config": [
                  {
                    "enabled": true
                  }
                ],
                "gcp_filestore_csi_driver_config": [],
                "horizontal_pod_autoscaling": [],
                "http_load_balancing": [],
                "network_policy_config": [
                  {
                    "disabled": true
                  }
                ]
              }
            ],
            "authenticator_groups_config": [],
            "binary_authorization": [
              {
                "enabled": false,
                "evaluation_mode": ""
              }
            ],
            "cluster_autoscaling": [
              {
                "auto_provisioning_defaults": [],
                "enabled": false,
                "resource_limits": []
              }
            ],
            "cluster_ipv4_cidr": "10.0.0.0/14",
            "confidential_nodes": [],
            "database_encryption": [
              {
                "key_name": "",
                "state": "DECRYPTED"
              }
            ],
            "datapath_provider": "",
            "default_max_pods_per_node": null,
            "default_snat_status": [
              {
                "disabled": false
              }
            ],
            "description": "",
            "dns_config": [],
            "enable_autopilot": false,
            "enable_binary_authorization": false,
            "enable_intranode_visibility": false,
            "enable_kubernetes_alpha": false,
            "enable_legacy_abac": false,
            "enable_shielded_nodes": true,
            "enable_tpu": false,
            "endpoint": "34.171.226.185",
            "id": "projects/iac-on-gcp-288921/locations/us-central1/clusters/my-gke-cluster",
            "initial_node_count": 1,
            "ip_allocation_policy": [],
            "label_fingerprint": "a9dc16a7",
            "location": "us-central1",
            "logging_config": [
              {
                "enable_components": [
                  "SYSTEM_COMPONENTS",
                  "WORKLOADS"
                ]
              }
            ],
            "logging_service": "logging.googleapis.com/kubernetes",
            "maintenance_policy": [],
            "master_auth": [
              {
                "client_certificate": "",
                "client_certificate_config": [
                  {
                    "issue_client_certificate": false
                  }
                ],
                "client_key": "",
                "cluster_ca_certificate": "LS0tLS1CRUdJTiBDRVJUSUZJQ0FURS0tLS0tCk1JSUVMVENDQXBXZ0F3SUJBZ0lSQU1ZZ2p0QVh2VFRKcFlYNk5UNzZXdVF3RFFZSktvWklodmNOQVFFTEJRQXcKTHpFdE1Dc0dBMVVFQXhNa05ERTBNemxqT1RBdE5HSXdOQzAwTkRJMExUZzROVEV0WXpFME5qSmxNak0wTURkaApNQ0FYRFRJeU1UQXdNekU0TURBMU5sb1lEekl3TlRJd09USTFNVGt3TURVMldqQXZNUzB3S3dZRFZRUURFeVEwCk1UUXpPV001TUMwMFlqQTBMVFEwTWpRdE9EZzFNUzFqTVRRMk1tVXlNelF3TjJFd2dnR2lNQTBHQ1NxR1NJYjMKRFFFQkFRVUFBNElCandBd2dnR0tBb0lCZ1FDbjBMQ2wrMndUM0l3cC9FWVFRNnI5aEhnS1N2b2hzUVN2OVUxVApoU3dJK1oveGM2QnlPMWhQektocTc0Skl4ZHN4MUNLcEJRMUphM20wdDlxZG8yK3JGVjBDbHpaWFk2bTl2ZVRoClZGb2F6cGpLYnR4U2tRSTlIcXQySHhDYklhd1pxblR2ZkY1WUhXeGVzQ3lzT3JXRVhrVkxsY09HRlFRZVlwQlUKRUUvbExWbllPb2VyQjl6b3hzemFVTThBUjF2NjQ0dE5teDlPTUdFTE1VcHZIRUQxQml4N095VkdQUVdTbzA0dgpsTzZHUXZKV3V1em5zWFVPS1B4cTdwUFlxRkNJU1FuNjZPdVA3M3dGNnlRN1ZRbXo2ZWpTK1dydVl6SWJ4ekpSCnhpdktaTnNUQWhVSVRNUFRPTGJ5Z1JSSU4yMUpUWUxuSndHZlBEUTZqMlU1d05FZXJmZEpMcEYxTGZ0TFplWm4KVG5SMDVGRW5raGNaVk9IMUpBY1ZHWUpFdVBMd0h6Q1dGYnY3Z2NBTHZpbS9hdTlHcTZvdmt4a1NHRkhSamJmdwpJMlVvd1lubmtNTjMydVVZaGVLSDJhUXRrQVV5RXFxM3FKRjFCQUR6cUd2WTJiRnpGYmRUWDdrNEg4eittKzFFCk5HVnIvT0U5b0EvVDZyY0tabms0dGxYOStnRUNBd0VBQWFOQ01FQXdEZ1lEVlIwUEFRSC9CQVFEQWdJRU1BOEcKQTFVZEV3RUIvd1FGTUFNQkFmOHdIUVlEVlIwT0JCWUVGRldtQjNzZkkyVExkcENVQklUaW55TFRCd3FXTUEwRwpDU3FHU0liM0RRRUJDd1VBQTRJQmdRQ05UaTN4STF4QTlPVWRZTDFDS05jcUlLNkRYQ3dQdTNwc3I1RzBKTUlqCjhYemtnR2VZRml6b29IU1hCeWswRWw4R0Fueit4cWNacGw0aDVWeXVZL0dUMktuZ21weUlTV3E4NG1QS0hUVncKYml1dUZHOXFiUkY1VkNzYnZRS2RIZEU0bjdmR29tZkR5T1RBelpSV2VUbWN4NEJXQXNmbGxSRGVPaEJ5T1BLZwpFUCsyaHFuQ1ZtQXFUeWxQS3pwOFhUeHQwamdBS0VrTkdPWStnTklTdlZlQnpISjUwY3hCT0dETmthV0ZtMU82Ci9ubjdNVWhyUi81cmdsNmMyVy9mTm1wVWpEOEpVTk5nTG80QzFaem4vakcrVnpMc3p1bnVxWHgxMytJbTFVMXkKaXBXWFJnQUo4cG1EUno1SlNweXdvemljdHpDb0J0SmtFcm1obGMrMWEzemhidFYzSkNLN0ZycGFyLzlMSUVIeApnSm9DQTBrL3RSSUR1dy9FZHJ4ZE9WekN1TVl6cHNEZ09pM3pJeU5nenM5STMvY0xRTndkNENKOER2K1NjS0lSClNmb0U5QlJ0cWd2SEFEcVY1bG5pMG5GQmxEcFVGU0F0bmkwKzVYWXVlQkdVVWRZSW5ZTWEwUUZBckxDblEvdWwKR2lVK0dydDRBTWdmOVFpb095T3VkWkE9Ci0tLS0tRU5EIENFUlRJRklDQVRFLS0tLS0K"
              }
            ],
            "master_authorized_networks_config": [],
            "master_version": "1.22.12-gke.2300",
            "mesh_certificates": [],
            "min_master_version": null,
            "monitoring_config": [
              {
                "enable_components": [
                  "SYSTEM_COMPONENTS"
                ]
              }
            ],
            "monitoring_service": "monitoring.googleapis.com/kubernetes",
            "name": "my-gke-cluster",
            "network": "projects/iac-on-gcp-288921/global/networks/default",
            "network_policy": [
              {
                "enabled": false,
                "provider": "PROVIDER_UNSPECIFIED"
              }
            ],
            "networking_mode": "ROUTES",
            "node_config": [
              {
                "boot_disk_kms_key": "",
                "disk_size_gb": 100,
                "disk_type": "pd-standard",
                "gcfs_config": [],
                "guest_accelerator": [],
                "gvnic": [],
                "image_type": "COS_CONTAINERD",
                "labels": {},
                "local_ssd_count": 0,
                "machine_type": "e2-medium",
                "metadata": {
                  "disable-legacy-endpoints": "true"
                },
                "min_cpu_platform": "",
                "node_group": "",
                "oauth_scopes": [
                  "https://www.googleapis.com/auth/cloud-platform"
                ],
                "preemptible": true,
                "reservation_affinity": [],
                "service_account": "service-account-id@iac-on-gcp-288921.iam.gserviceaccount.com",
                "shielded_instance_config": [
                  {
                    "enable_integrity_monitoring": true,
                    "enable_secure_boot": false
                  }
                ],
                "spot": false,
                "tags": [],
                "taint": [],
                "workload_metadata_config": []
              }
            ],
            "node_locations": [
              "us-central1-a",
              "us-central1-b",
              "us-central1-f"
            ],
            "node_pool": [
              {
                "autoscaling": [],
                "initial_node_count": 1,
                "instance_group_urls": [
                  "https://www.googleapis.com/compute/v1/projects/iac-on-gcp-288921/zones/us-central1-b/instanceGroupManagers/gke-my-gke-cluster-my-node-pool-cc737fea-grp",
                  "https://www.googleapis.com/compute/v1/projects/iac-on-gcp-288921/zones/us-central1-a/instanceGroupManagers/gke-my-gke-cluster-my-node-pool-f73fa606-grp",
                  "https://www.googleapis.com/compute/v1/projects/iac-on-gcp-288921/zones/us-central1-f/instanceGroupManagers/gke-my-gke-cluster-my-node-pool-b502b12c-grp"
                ],
                "managed_instance_group_urls": [
                  "https://www.googleapis.com/compute/v1/projects/iac-on-gcp-288921/zones/us-central1-b/instanceGroups/gke-my-gke-cluster-my-node-pool-cc737fea-grp",
                  "https://www.googleapis.com/compute/v1/projects/iac-on-gcp-288921/zones/us-central1-a/instanceGroups/gke-my-gke-cluster-my-node-pool-f73fa606-grp",
                  "https://www.googleapis.com/compute/v1/projects/iac-on-gcp-288921/zones/us-central1-f/instanceGroups/gke-my-gke-cluster-my-node-pool-b502b12c-grp"
                ],
                "management": [
                  {
                    "auto_repair": true,
                    "auto_upgrade": true
                  }
                ],
                "max_pods_per_node": 0,
                "name": "my-node-pool",
                "name_prefix": "",
                "node_config": [
                  {
                    "boot_disk_kms_key": "",
                    "disk_size_gb": 100,
                    "disk_type": "pd-standard",
                    "gcfs_config": [],
                    "guest_accelerator": [],
                    "gvnic": [],
                    "image_type": "COS_CONTAINERD",
                    "labels": {},
                    "local_ssd_count": 0,
                    "machine_type": "e2-medium",
                    "metadata": {
                      "disable-legacy-endpoints": "true"
                    },
                    "min_cpu_platform": "",
                    "node_group": "",
                    "oauth_scopes": [
                      "https://www.googleapis.com/auth/cloud-platform"
                    ],
                    "preemptible": true,
                    "reservation_affinity": [],
                    "service_account": "service-account-id@iac-on-gcp-288921.iam.gserviceaccount.com",
                    "shielded_instance_config": [
                      {
                        "enable_integrity_monitoring": true,
                        "enable_secure_boot": false
                      }
                    ],
                    "spot": false,
                    "tags": [],
                    "taint": [],
                    "workload_metadata_config": []
                  }
                ],
                "node_count": 1,
                "node_locations": [
                  "us-central1-a",
                  "us-central1-b",
                  "us-central1-f"
                ],
                "upgrade_settings": [
                  {
                    "max_surge": 1,
                    "max_unavailable": 0
                  }
                ],
                "version": "1.22.12-gke.2300"
              }
            ],
            "node_version": "1.22.12-gke.2300",
            "notification_config": [
              {
                "pubsub": [
                  {
                    "enabled": false,
                    "topic": ""
                  }
                ]
              }
            ],
            "operation": null,
            "private_cluster_config": [],
            "private_ipv6_google_access": "",
            "project": "iac-on-gcp-288921",
            "release_channel": [
              {
                "channel": "REGULAR"
              }
            ],
            "remove_default_node_pool": true,
            "resource_labels": {},
            "resource_usage_export_config": [],
            "self_link": "https://container.googleapis.com/v1/projects/iac-on-gcp-288921/locations/us-central1/clusters/my-gke-cluster",
            "service_external_ips_config": [
              {
                "enabled": false
              }
            ],
            "services_ipv4_cidr": "10.3.240.0/20",
            "subnetwork": "projects/iac-on-gcp-288921/regions/us-central1/subnetworks/default",
            "timeouts": null,
            "tpu_ipv4_cidr_block": "",
            "vertical_pod_autoscaling": [],
            "workload_identity_config": []
          },
          "sensitive_attributes": [],
          "private": "eyJlMmJmYjczMC1lY2FhLTExZTYtOGY4OC0zNDM2M2JjN2M0YzAiOnsiY3JlYXRlIjoyNDAwMDAwMDAwMDAwLCJkZWxldGUiOjI0MDAwMDAwMDAwMDAsInJlYWQiOjI0MDAwMDAwMDAwMDAsInVwZGF0ZSI6MzYwMDAwMDAwMDAwMH0sInNjaGVtYV92ZXJzaW9uIjoiMSJ9"
        }
      ]
    },
    {
      "mode": "managed",
      "type": "google_service_account",
      "name": "default",
      "provider": "provider[\"registry.terraform.io/hashicorp/google\"]",
      "instances": [
        {
          "schema_version": 0,
          "attributes": {
            "account_id": "service-account-id",
            "description": "",
            "disabled": false,
            "display_name": "Service Account",
            "email": "service-account-id@iac-on-gcp-288921.iam.gserviceaccount.com",
            "id": "projects/iac-on-gcp-288921/serviceAccounts/service-account-id@iac-on-gcp-288921.iam.gserviceaccount.com",
            "name": "projects/iac-on-gcp-288921/serviceAccounts/service-account-id@iac-on-gcp-288921.iam.gserviceaccount.com",
            "project": "iac-on-gcp-288921",
            "timeouts": null,
            "unique_id": "101610035490779665323"
          },
          "sensitive_attributes": [],
          "private": "eyJlMmJmYjczMC1lY2FhLTExZTYtOGY4OC0zNDM2M2JjN2M0YzAiOnsiY3JlYXRlIjozMDAwMDAwMDAwMDB9fQ=="
        }
      ]
    }
  ]
}
